
Microsoft Visual Studio Solution File, Format Version 12.00
# Visual Studio Version 17
VisualStudioVersion = 17.13.35828.75 d17.13
MinimumVisualStudioVersion = 10.0.40219.1
Project("{FAE04EC0-301F-11D3-BF4B-00C04F79EFBC}") = "Bookstore", "Bookstore\Bookstore.csproj", "{2C07F85A-BCD8-41C8-9988-79AC0011B0CD}"
EndProject
Global
	GlobalSection(SolutionConfigurationPlatforms) = preSolution
		Debug|Any CPU = Debug|Any CPU
		Release|Any CPU = Release|Any CPU
	EndGlobalSection
	GlobalSection(ProjectConfigurationPlatforms) = postSolution
		{2C07F85A-BCD8-41C8-9988-79AC0011B0CD}.Debug|Any CPU.ActiveCfg = Debug|Any CPU
		{2C07F85A-BCD8-41C8-9988-79AC0011B0CD}.Debug|Any CPU.Build.0 = Debug|Any CPU
		{2C07F85A-BCD8-41C8-9988-79AC0011B0CD}.Release|Any CPU.ActiveCfg = Release|Any CPU
		{2C07F85A-BCD8-41C8-9988-79AC0011B0CD}.Release|Any CPU.Build.0 = Release|Any CPU
	EndGlobalSection
	GlobalSection(SolutionProperties) = preSolution
		HideSolutionNode = FALSE
	EndGlobalSection
	GlobalSection(ExtensibilityGlobals) = postSolution
		SolutionGuid = {8EF88BB5-A88C-4B4E-AEF8-789A5CD34B35}
	EndGlobalSection
EndGlobal
